{
  "version": 1,
  "dependencies": {
    ".NETCoreApp,Version=v3.0": {
      "Newtonsoft.Json": {
        "type": "Direct",
        "requested": "[12.0.2, )",
        "resolved": "12.0.2",
        "contentHash": "rTK0s2EKlfHsQsH6Yx2smvcTCeyoDNgCW7FEYyV01drPlh2T243PR2DiDXqtC5N4GDm4Ma/lkxfW5a/4793vbA=="
      },
      "mylibrary": {
        "type": "Project",
        "dependencies": {
          "Newtonsoft.Json": "9.0.1"
        }
      }
    }
  }
}