{
  "version": 1,
  "dependencies": {
    ".NETCoreApp,Version=v3.0": {
      "Newtonsoft.Json": {
        "type": "Direct",
        "requested": "[11.0.1, )",
        "resolved": "11.0.1",
        "contentHash": "pNN4l+J6LlpIvHOeNdXlwxv39NPJ2B5klz+Rd2UQZIx30Squ5oND1Yy3wEAUoKn0GPUj6Yxt9lxlYWQqfZcvKg=="
      },
      "mylibrary": {
        "type": "Project",
        "dependencies": {
          "Newtonsoft.Json": "9.0.1"
        }
      }
    }
  }
}